
Microsoft Visual Studio Solution File, Format Version 12.00
# Visual Studio Version 17
VisualStudioVersion = 17.11.35222.181
MinimumVisualStudioVersion = 10.0.40219.1
Project("{FAE04EC0-301F-11D3-BF4B-00C04F79EFBC}") = "PlateRecognation", "PlateRecognation\PlateRecognation.csproj", "{703C2CF1-CFFD-474A-8FF3-0F49FB353A07}"
EndProject
Global
	GlobalSection(SolutionConfigurationPlatforms) = preSolution
		Debug|Any CPU = Debug|Any CPU
		Release|Any CPU = Release|Any CPU
	EndGlobalSection
	GlobalSection(ProjectConfigurationPlatforms) = postSolution
		{703C2CF1-CFFD-474A-8FF3-0F49FB353A07}.Debug|Any CPU.ActiveCfg = Debug|Any CPU
		{703C2CF1-CFFD-474A-8FF3-0F49FB353A07}.Debug|Any CPU.Build.0 = Debug|Any CPU
		{703C2CF1-CFFD-474A-8FF3-0F49FB353A07}.Release|Any CPU.ActiveCfg = Release|Any CPU
		{703C2CF1-CFFD-474A-8FF3-0F49FB353A07}.Release|Any CPU.Build.0 = Release|Any CPU
	EndGlobalSection
	GlobalSection(SolutionProperties) = preSolution
		HideSolutionNode = FALSE
	EndGlobalSection
	GlobalSection(ExtensibilityGlobals) = postSolution
		SolutionGuid = {5CB03CC4-A885-4CC0-A129-70B750818764}
	EndGlobalSection
EndGlobal
